// !$*UTF8*$!
{
	archiveVersion = 1;
	classes = {
	};
	objectVersion = 46;
	objects = {

/* Begin PBXBuildFile section */
		2BC8D85D1F433AF600C9C408 /* MergeSort.swift in Sources */ = {isa = PBXBuildFile; fileRef = 2BC8D85C1F433AF600C9C408 /* MergeSort.swift */; };
		3D4BE0331F3DD0F100D4EF9D /* SelectionSort.swift in Sources */ = {isa = PBXBuildFile; fileRef = 3D4BE0321F3DD0F100D4EF9D /* SelectionSort.swift */; };
		3D6E80271F3DEAD2000D2F66 /* Utils.swift in Sources */ = {isa = PBXBuildFile; fileRef = 3D6E80261F3DEAD2000D2F66 /* Utils.swift */; };
		3DE26E291F3CDDE6009CD627 /* AppDelegate.swift in Sources */ = {isa = PBXBuildFile; fileRef = 3DE26E281F3CDDE6009CD627 /* AppDelegate.swift */; };
		3DE26E2B1F3CDDE6009CD627 /* ViewController.swift in Sources */ = {isa = PBXBuildFile; fileRef = 3DE26E2A1F3CDDE6009CD627 /* ViewController.swift */; };
		3DE26E2E1F3CDDE6009CD627 /* Main.storyboard in Resources */ = {isa = PBXBuildFile; fileRef = 3DE26E2C1F3CDDE6009CD627 /* Main.storyboard */; };
		3DE26E301F3CDDE6009CD627 /* Assets.xcassets in Resources */ = {isa = PBXBuildFile; fileRef = 3DE26E2F1F3CDDE6009CD627 /* Assets.xcassets */; };
		3DE26E331F3CDDE6009CD627 /* LaunchScreen.storyboard in Resources */ = {isa = PBXBuildFile; fileRef = 3DE26E311F3CDDE6009CD627 /* LaunchScreen.storyboard */; };
		3DE26E3E1F3CDDE6009CD627 /* SwiftAlgorithmsTests.swift in Sources */ = {isa = PBXBuildFile; fileRef = 3DE26E3D1F3CDDE6009CD627 /* SwiftAlgorithmsTests.swift */; };
		3DE26E491F3CDDE6009CD627 /* SwiftAlgorithmsUITests.swift in Sources */ = {isa = PBXBuildFile; fileRef = 3DE26E481F3CDDE6009CD627 /* SwiftAlgorithmsUITests.swift */; };
		3DE26E591F3CDF46009CD627 /* InsertionSort.swift in Sources */ = {isa = PBXBuildFile; fileRef = 3DE26E581F3CDF46009CD627 /* InsertionSort.swift */; };
/* End PBXBuildFile section */

/* Begin PBXContainerItemProxy section */
		3DE26E3A1F3CDDE6009CD627 /* PBXContainerItemProxy */ = {
			isa = PBXContainerItemProxy;
			containerPortal = 3DE26E1D1F3CDDE6009CD627 /* Project object */;
			proxyType = 1;
			remoteGlobalIDString = 3DE26E241F3CDDE6009CD627;
			remoteInfo = SwiftAlgorithms;
		};
		3DE26E451F3CDDE6009CD627 /* PBXContainerItemProxy */ = {
			isa = PBXContainerItemProxy;
			containerPortal = 3DE26E1D1F3CDDE6009CD627 /* Project object */;
			proxyType = 1;
			remoteGlobalIDString = 3DE26E241F3CDDE6009CD627;
			remoteInfo = SwiftAlgorithms;
		};
/* End PBXContainerItemProxy section */

/* Begin PBXFileReference section */
		2BC8D85C1F433AF600C9C408 /* MergeSort.swift */ = {isa = PBXFileReference; fileEncoding = 4; lastKnownFileType = sourcecode.swift; path = MergeSort.swift; sourceTree = "<group>"; };
		3D4BE0321F3DD0F100D4EF9D /* SelectionSort.swift */ = {isa = PBXFileReference; fileEncoding = 4; lastKnownFileType = sourcecode.swift; path = SelectionSort.swift; sourceTree = "<group>"; };
		3D6E80261F3DEAD2000D2F66 /* Utils.swift */ = {isa = PBXFileReference; lastKnownFileType = sourcecode.swift; path = Utils.swift; sourceTree = "<group>"; };
		3DE26E251F3CDDE6009CD627 /* SwiftAlgorithms.app */ = {isa = PBXFileReference; explicitFileType = wrapper.application; includeInIndex = 0; path = SwiftAlgorithms.app; sourceTree = BUILT_PRODUCTS_DIR; };
		3DE26E281F3CDDE6009CD627 /* AppDelegate.swift */ = {isa = PBXFileReference; lastKnownFileType = sourcecode.swift; path = AppDelegate.swift; sourceTree = "<group>"; };
		3DE26E2A1F3CDDE6009CD627 /* ViewController.swift */ = {isa = PBXFileReference; lastKnownFileType = sourcecode.swift; path = ViewController.swift; sourceTree = "<group>"; };
		3DE26E2D1F3CDDE6009CD627 /* Base */ = {isa = PBXFileReference; lastKnownFileType = file.storyboard; name = Base; path = Base.lproj/Main.storyboard; sourceTree = "<group>"; };
		3DE26E2F1F3CDDE6009CD627 /* Assets.xcassets */ = {isa = PBXFileReference; lastKnownFileType = folder.assetcatalog; path = Assets.xcassets; sourceTree = "<group>"; };
		3DE26E321F3CDDE6009CD627 /* Base */ = {isa = PBXFileReference; lastKnownFileType = file.storyboard; name = Base; path = Base.lproj/LaunchScreen.storyboard; sourceTree = "<group>"; };
		3DE26E341F3CDDE6009CD627 /* Info.plist */ = {isa = PBXFileReference; lastKnownFileType = text.plist.xml; path = Info.plist; sourceTree = "<group>"; };
		3DE26E391F3CDDE6009CD627 /* SwiftAlgorithmsTests.xctest */ = {isa = PBXFileReference; explicitFileType = wrapper.cfbundle; includeInIndex = 0; path = SwiftAlgorithmsTests.xctest; sourceTree = BUILT_PRODUCTS_DIR; };
		3DE26E3D1F3CDDE6009CD627 /* SwiftAlgorithmsTests.swift */ = {isa = PBXFileReference; lastKnownFileType = sourcecode.swift; path = SwiftAlgorithmsTests.swift; sourceTree = "<group>"; };
		3DE26E3F1F3CDDE6009CD627 /* Info.plist */ = {isa = PBXFileReference; lastKnownFileType = text.plist.xml; path = Info.plist; sourceTree = "<group>"; };
		3DE26E441F3CDDE6009CD627 /* SwiftAlgorithmsUITests.xctest */ = {isa = PBXFileReference; explicitFileType = wrapper.cfbundle; includeInIndex = 0; path = SwiftAlgorithmsUITests.xctest; sourceTree = BUILT_PRODUCTS_DIR; };
		3DE26E481F3CDDE6009CD627 /* SwiftAlgorithmsUITests.swift */ = {isa = PBXFileReference; lastKnownFileType = sourcecode.swift; path = SwiftAlgorithmsUITests.swift; sourceTree = "<group>"; };
		3DE26E4A1F3CDDE6009CD627 /* Info.plist */ = {isa = PBXFileReference; lastKnownFileType = text.plist.xml; path = Info.plist; sourceTree = "<group>"; };
		3DE26E581F3CDF46009CD627 /* InsertionSort.swift */ = {isa = PBXFileReference; fileEncoding = 4; lastKnownFileType = sourcecode.swift; path = InsertionSort.swift; sourceTree = "<group>"; };
/* End PBXFileReference section */

/* Begin PBXFrameworksBuildPhase section */
		3DE26E221F3CDDE6009CD627 /* Frameworks */ = {
			isa = PBXFrameworksBuildPhase;
			buildActionMask = 2147483647;
			files = (
			);
			runOnlyForDeploymentPostprocessing = 0;
		};
		3DE26E361F3CDDE6009CD627 /* Frameworks */ = {
			isa = PBXFrameworksBuildPhase;
			buildActionMask = 2147483647;
			files = (
			);
			runOnlyForDeploymentPostprocessing = 0;
		};
		3DE26E411F3CDDE6009CD627 /* Frameworks */ = {
			isa = PBXFrameworksBuildPhase;
			buildActionMask = 2147483647;
			files = (
			);
			runOnlyForDeploymentPostprocessing = 0;
		};
/* End PBXFrameworksBuildPhase section */

/* Begin PBXGroup section */
		3D6E80281F3DEB9D000D2F66 /* other */ = {
			isa = PBXGroup;
			children = (
				3D6E80261F3DEAD2000D2F66 /* Utils.swift */,
			);
			name = other;
			sourceTree = "<group>";
		};
		3DE26E1C1F3CDDE6009CD627 = {
			isa = PBXGroup;
			children = (
				3DE26E271F3CDDE6009CD627 /* SwiftAlgorithms */,
				3DE26E3C1F3CDDE6009CD627 /* SwiftAlgorithmsTests */,
				3DE26E471F3CDDE6009CD627 /* SwiftAlgorithmsUITests */,
				3DE26E261F3CDDE6009CD627 /* Products */,
			);
			sourceTree = "<group>";
		};
		3DE26E261F3CDDE6009CD627 /* Products */ = {
			isa = PBXGroup;
			children = (
				3DE26E251F3CDDE6009CD627 /* SwiftAlgorithms.app */,
				3DE26E391F3CDDE6009CD627 /* SwiftAlgorithmsTests.xctest */,
				3DE26E441F3CDDE6009CD627 /* SwiftAlgorithmsUITests.xctest */,
			);
			name = Products;
			sourceTree = "<group>";
		};
		3DE26E271F3CDDE6009CD627 /* SwiftAlgorithms */ = {
			isa = PBXGroup;
			children = (
				3D6E80281F3DEB9D000D2F66 /* other */,
				3DE26E571F3CDEFB009CD627 /* sorting */,
				3DE26E561F3CDEDD009CD627 /* resources */,
				3DE26E281F3CDDE6009CD627 /* AppDelegate.swift */,
				3DE26E2A1F3CDDE6009CD627 /* ViewController.swift */,
			);
			path = SwiftAlgorithms;
			sourceTree = "<group>";
		};
		3DE26E3C1F3CDDE6009CD627 /* SwiftAlgorithmsTests */ = {
			isa = PBXGroup;
			children = (
				3DE26E3D1F3CDDE6009CD627 /* SwiftAlgorithmsTests.swift */,
				3DE26E3F1F3CDDE6009CD627 /* Info.plist */,
			);
			path = SwiftAlgorithmsTests;
			sourceTree = "<group>";
		};
		3DE26E471F3CDDE6009CD627 /* SwiftAlgorithmsUITests */ = {
			isa = PBXGroup;
			children = (
				3DE26E481F3CDDE6009CD627 /* SwiftAlgorithmsUITests.swift */,
				3DE26E4A1F3CDDE6009CD627 /* Info.plist */,
			);
			path = SwiftAlgorithmsUITests;
			sourceTree = "<group>";
		};
		3DE26E561F3CDEDD009CD627 /* resources */ = {
			isa = PBXGroup;
			children = (
				3DE26E2C1F3CDDE6009CD627 /* Main.storyboard */,
				3DE26E2F1F3CDDE6009CD627 /* Assets.xcassets */,
				3DE26E311F3CDDE6009CD627 /* LaunchScreen.storyboard */,
				3DE26E341F3CDDE6009CD627 /* Info.plist */,
			);
			name = resources;
			sourceTree = "<group>";
		};
		3DE26E571F3CDEFB009CD627 /* sorting */ = {
			isa = PBXGroup;
			children = (
				3DE26E581F3CDF46009CD627 /* InsertionSort.swift */,
				3D4BE0321F3DD0F100D4EF9D /* SelectionSort.swift */,
				2BC8D85C1F433AF600C9C408 /* MergeSort.swift */,
			);
			name = sorting;
			sourceTree = "<group>";
		};
/* End PBXGroup section */

/* Begin PBXNativeTarget section */
		3DE26E241F3CDDE6009CD627 /* SwiftAlgorithms */ = {
			isa = PBXNativeTarget;
			buildConfigurationList = 3DE26E4D1F3CDDE6009CD627 /* Build configuration list for PBXNativeTarget "SwiftAlgorithms" */;
			buildPhases = (
				3DE26E211F3CDDE6009CD627 /* Sources */,
				3DE26E221F3CDDE6009CD627 /* Frameworks */,
				3DE26E231F3CDDE6009CD627 /* Resources */,
			);
			buildRules = (
			);
			dependencies = (
			);
			name = SwiftAlgorithms;
			productName = SwiftAlgorithms;
			productReference = 3DE26E251F3CDDE6009CD627 /* SwiftAlgorithms.app */;
			productType = "com.apple.product-type.application";
		};
		3DE26E381F3CDDE6009CD627 /* SwiftAlgorithmsTests */ = {
			isa = PBXNativeTarget;
			buildConfigurationList = 3DE26E501F3CDDE6009CD627 /* Build configuration list for PBXNativeTarget "SwiftAlgorithmsTests" */;
			buildPhases = (
				3DE26E351F3CDDE6009CD627 /* Sources */,
				3DE26E361F3CDDE6009CD627 /* Frameworks */,
				3DE26E371F3CDDE6009CD627 /* Resources */,
			);
			buildRules = (
			);
			dependencies = (
				3DE26E3B1F3CDDE6009CD627 /* PBXTargetDependency */,
			);
			name = SwiftAlgorithmsTests;
			productName = SwiftAlgorithmsTests;
			productReference = 3DE26E391F3CDDE6009CD627 /* SwiftAlgorithmsTests.xctest */;
			productType = "com.apple.product-type.bundle.unit-test";
		};
		3DE26E431F3CDDE6009CD627 /* SwiftAlgorithmsUITests */ = {
			isa = PBXNativeTarget;
			buildConfigurationList = 3DE26E531F3CDDE6009CD627 /* Build configuration list for PBXNativeTarget "SwiftAlgorithmsUITests" */;
			buildPhases = (
				3DE26E401F3CDDE6009CD627 /* Sources */,
				3DE26E411F3CDDE6009CD627 /* Frameworks */,
				3DE26E421F3CDDE6009CD627 /* Resources */,
			);
			buildRules = (
			);
			dependencies = (
				3DE26E461F3CDDE6009CD627 /* PBXTargetDependency */,
			);
			name = SwiftAlgorithmsUITests;
			productName = SwiftAlgorithmsUITests;
			productReference = 3DE26E441F3CDDE6009CD627 /* SwiftAlgorithmsUITests.xctest */;
			productType = "com.apple.product-type.bundle.ui-testing";
		};
/* End PBXNativeTarget section */

/* Begin PBXProject section */
		3DE26E1D1F3CDDE6009CD627 /* Project object */ = {
			isa = PBXProject;
			attributes = {
				LastSwiftUpdateCheck = 0830;
				LastUpgradeCheck = 0830;
				ORGANIZATIONNAME = "Taguhi Abgaryan";
				TargetAttributes = {
					3DE26E241F3CDDE6009CD627 = {
						CreatedOnToolsVersion = 8.3.3;
						DevelopmentTeam = URT24V64BJ;
						ProvisioningStyle = Automatic;
					};
					3DE26E381F3CDDE6009CD627 = {
						CreatedOnToolsVersion = 8.3.3;
						DevelopmentTeam = URT24V64BJ;
						ProvisioningStyle = Automatic;
						TestTargetID = 3DE26E241F3CDDE6009CD627;
					};
					3DE26E431F3CDDE6009CD627 = {
						CreatedOnToolsVersion = 8.3.3;
						DevelopmentTeam = URT24V64BJ;
						ProvisioningStyle = Automatic;
						TestTargetID = 3DE26E241F3CDDE6009CD627;
					};
				};
			};
			buildConfigurationList = 3DE26E201F3CDDE6009CD627 /* Build configuration list for PBXProject "SwiftAlgorithms" */;
			compatibilityVersion = "Xcode 3.2";
			developmentRegion = English;
			hasScannedForEncodings = 0;
			knownRegions = (
				en,
				Base,
			);
			mainGroup = 3DE26E1C1F3CDDE6009CD627;
			productRefGroup = 3DE26E261F3CDDE6009CD627 /* Products */;
			projectDirPath = "";
			projectRoot = "";
			targets = (
				3DE26E241F3CDDE6009CD627 /* SwiftAlgorithms */,
				3DE26E381F3CDDE6009CD627 /* SwiftAlgorithmsTests */,
				3DE26E431F3CDDE6009CD627 /* SwiftAlgorithmsUITests */,
			);
		};
/* End PBXProject section */

/* Begin PBXResourcesBuildPhase section */
		3DE26E231F3CDDE6009CD627 /* Resources */ = {
			isa = PBXResourcesBuildPhase;
			buildActionMask = 2147483647;
			files = (
				3DE26E331F3CDDE6009CD627 /* LaunchScreen.storyboard in Resources */,
				3DE26E301F3CDDE6009CD627 /* Assets.xcassets in Resources */,
				3DE26E2E1F3CDDE6009CD627 /* Main.storyboard in Resources */,
			);
			runOnlyForDeploymentPostprocessing = 0;
		};
		3DE26E371F3CDDE6009CD627 /* Resources */ = {
			isa = PBXResourcesBuildPhase;
			buildActionMask = 2147483647;
			files = (
			);
			runOnlyForDeploymentPostprocessing = 0;
		};
		3DE26E421F3CDDE6009CD627 /* Resources */ = {
			isa = PBXResourcesBuildPhase;
			buildActionMask = 2147483647;
			files = (
			);
			runOnlyForDeploymentPostprocessing = 0;
		};
/* End PBXResourcesBuildPhase section */

/* Begin PBXSourcesBuildPhase section */
		3DE26E211F3CDDE6009CD627 /* Sources */ = {
			isa = PBXSourcesBuildPhase;
			buildActionMask = 2147483647;
			files = (
				2BC8D85D1F433AF600C9C408 /* MergeSort.swift in Sources */,
				3D6E80271F3DEAD2000D2F66 /* Utils.swift in Sources */,
				3DE26E591F3CDF46009CD627 /* InsertionSort.swift in Sources */,
				3D4BE0331F3DD0F100D4EF9D /* SelectionSort.swift in Sources */,
				3DE26E2B1F3CDDE6009CD627 /* ViewController.swift in Sources */,
				3DE26E291F3CDDE6009CD627 /* AppDelegate.swift in Sources */,
			);
			runOnlyForDeploymentPostprocessing = 0;
		};
		3DE26E351F3CDDE6009CD627 /* Sources */ = {
			isa = PBXSourcesBuildPhase;
			buildActionMask = 2147483647;
			files = (
				3DE26E3E1F3CDDE6009CD627 /* SwiftAlgorithmsTests.swift in Sources */,
			);
			runOnlyForDeploymentPostprocessing = 0;
		};
		3DE26E401F3CDDE6009CD627 /* Sources */ = {
			isa = PBXSourcesBuildPhase;
			buildActionMask = 2147483647;
			files = (
				3DE26E491F3CDDE6009CD627 /* SwiftAlgorithmsUITests.swift in Sources */,
			);
			runOnlyForDeploymentPostprocessing = 0;
		};
/* End PBXSourcesBuildPhase section */

/* Begin PBXTargetDependency section */
		3DE26E3B1F3CDDE6009CD627 /* PBXTargetDependency */ = {
			isa = PBXTargetDependency;
			target = 3DE26E241F3CDDE6009CD627 /* SwiftAlgorithms */;
			targetProxy = 3DE26E3A1F3CDDE6009CD627 /* PBXContainerItemProxy */;
		};
		3DE26E461F3CDDE6009CD627 /* PBXTargetDependency */ = {
			isa = PBXTargetDependency;
			target = 3DE26E241F3CDDE6009CD627 /* SwiftAlgorithms */;
			targetProxy = 3DE26E451F3CDDE6009CD627 /* PBXContainerItemProxy */;
		};
/* End PBXTargetDependency section */

/* Begin PBXVariantGroup section */
		3DE26E2C1F3CDDE6009CD627 /* Main.storyboard */ = {
			isa = PBXVariantGroup;
			children = (
				3DE26E2D1F3CDDE6009CD627 /* Base */,
			);
			name = Main.storyboard;
			sourceTree = "<group>";
		};
		3DE26E311F3CDDE6009CD627 /* LaunchScreen.storyboard */ = {
			isa = PBXVariantGroup;
			children = (
				3DE26E321F3CDDE6009CD627 /* Base */,
			);
			name = LaunchScreen.storyboard;
			sourceTree = "<group>";
		};
/* End PBXVariantGroup section */

/* Begin XCBuildConfiguration section */
		3DE26E4B1F3CDDE6009CD627 /* Debug */ = {
			isa = XCBuildConfiguration;
			buildSettings = {
				ALWAYS_SEARCH_USER_PATHS = NO;
				CLANG_ANALYZER_NONNULL = YES;
				CLANG_ANALYZER_NUMBER_OBJECT_CONVERSION = YES_AGGRESSIVE;
				CLANG_CXX_LANGUAGE_STANDARD = "gnu++0x";
				CLANG_CXX_LIBRARY = "libc++";
				CLANG_ENABLE_MODULES = YES;
				CLANG_ENABLE_OBJC_ARC = YES;
				CLANG_WARN_BOOL_CONVERSION = YES;
				CLANG_WARN_CONSTANT_CONVERSION = YES;
				CLANG_WARN_DIRECT_OBJC_ISA_USAGE = YES_ERROR;
				CLANG_WARN_DOCUMENTATION_COMMENTS = YES;
				CLANG_WARN_EMPTY_BODY = YES;
				CLANG_WARN_ENUM_CONVERSION = YES;
				CLANG_WARN_INFINITE_RECURSION = YES;
				CLANG_WARN_INT_CONVERSION = YES;
				CLANG_WARN_OBJC_ROOT_CLASS = YES_ERROR;
				CLANG_WARN_SUSPICIOUS_MOVE = YES;
				CLANG_WARN_UNREACHABLE_CODE = YES;
				CLANG_WARN__DUPLICATE_METHOD_MATCH = YES;
				"CODE_SIGN_IDENTITY[sdk=iphoneos*]" = "iPhone Developer";
				COPY_PHASE_STRIP = NO;
				DEBUG_INFORMATION_FORMAT = dwarf;
				ENABLE_STRICT_OBJC_MSGSEND = YES;
				ENABLE_TESTABILITY = YES;
				GCC_C_LANGUAGE_STANDARD = gnu99;
				GCC_DYNAMIC_NO_PIC = NO;
				GCC_NO_COMMON_BLOCKS = YES;
				GCC_OPTIMIZATION_LEVEL = 0;
				GCC_PREPROCESSOR_DEFINITIONS = (
					"DEBUG=1",
					"$(inherited)",
				);
				GCC_WARN_64_TO_32_BIT_CONVERSION = YES;
				GCC_WARN_ABOUT_RETURN_TYPE = YES_ERROR;
				GCC_WARN_UNDECLARED_SELECTOR = YES;
				GCC_WARN_UNINITIALIZED_AUTOS = YES_AGGRESSIVE;
				GCC_WARN_UNUSED_FUNCTION = YES;
				GCC_WARN_UNUSED_VARIABLE = YES;
				IPHONEOS_DEPLOYMENT_TARGET = 10.3;
				MTL_ENABLE_DEBUG_INFO = YES;
				ONLY_ACTIVE_ARCH = YES;
				SDKROOT = iphoneos;
				SWIFT_ACTIVE_COMPILATION_CONDITIONS = DEBUG;
				SWIFT_OPTIMIZATION_LEVEL = "-Onone";
				TARGETED_DEVICE_FAMILY = "1,2";
			};
			name = Debug;
		};
		3DE26E4C1F3CDDE6009CD627 /* Release */ = {
			isa = XCBuildConfiguration;
			buildSettings = {
				ALWAYS_SEARCH_USER_PATHS = NO;
				CLANG_ANALYZER_NONNULL = YES;
				CLANG_ANALYZER_NUMBER_OBJECT_CONVERSION = YES_AGGRESSIVE;
				CLANG_CXX_LANGUAGE_STANDARD = "gnu++0x";
				CLANG_CXX_LIBRARY = "libc++";
				CLANG_ENABLE_MODULES = YES;
				CLANG_ENABLE_OBJC_ARC = YES;
				CLANG_WARN_BOOL_CONVERSION = YES;
				CLANG_WARN_CONSTANT_CONVERSION = YES;
				CLANG_WARN_DIRECT_OBJC_ISA_USAGE = YES_ERROR;
				CLANG_WARN_DOCUMENTATION_COMMENTS = YES;
				CLANG_WARN_EMPTY_BODY = YES;
				CLANG_WARN_ENUM_CONVERSION = YES;
				CLANG_WARN_INFINITE_RECURSION = YES;
				CLANG_WARN_INT_CONVERSION = YES;
				CLANG_WARN_OBJC_ROOT_CLASS = YES_ERROR;
				CLANG_WARN_SUSPICIOUS_MOVE = YES;
				CLANG_WARN_UNREACHABLE_CODE = YES;
				CLANG_WARN__DUPLICATE_METHOD_MATCH = YES;
				"CODE_SIGN_IDENTITY[sdk=iphoneos*]" = "iPhone Developer";
				COPY_PHASE_STRIP = NO;
				DEBUG_INFORMATION_FORMAT = "dwarf-with-dsym";
				ENABLE_NS_ASSERTIONS = NO;
				ENABLE_STRICT_OBJC_MSGSEND = YES;
				GCC_C_LANGUAGE_STANDARD = gnu99;
				GCC_NO_COMMON_BLOCKS = YES;
				GCC_WARN_64_TO_32_BIT_CONVERSION = YES;
				GCC_WARN_ABOUT_RETURN_TYPE = YES_ERROR;
				GCC_WARN_UNDECLARED_SELECTOR = YES;
				GCC_WARN_UNINITIALIZED_AUTOS = YES_AGGRESSIVE;
				GCC_WARN_UNUSED_FUNCTION = YES;
				GCC_WARN_UNUSED_VARIABLE = YES;
				IPHONEOS_DEPLOYMENT_TARGET = 10.3;
				MTL_ENABLE_DEBUG_INFO = NO;
				SDKROOT = iphoneos;
				SWIFT_OPTIMIZATION_LEVEL = "-Owholemodule";
				TARGETED_DEVICE_FAMILY = "1,2";
				VALIDATE_PRODUCT = YES;
			};
			name = Release;
		};
		3DE26E4E1F3CDDE6009CD627 /* Debug */ = {
			isa = XCBuildConfiguration;
			buildSettings = {
				ASSETCATALOG_COMPILER_APPICON_NAME = AppIcon;
				DEVELOPMENT_TEAM = URT24V64BJ;
				INFOPLIST_FILE = SwiftAlgorithms/Info.plist;
				LD_RUNPATH_SEARCH_PATHS = "$(inherited) @executable_path/Frameworks";
				PRODUCT_BUNDLE_IDENTIFIER = tagabgar.SwiftAlgorithms;
				PRODUCT_NAME = "$(TARGET_NAME)";
				SWIFT_VERSION = 3.0;
			};
			name = Debug;
		};
		3DE26E4F1F3CDDE6009CD627 /* Release */ = {
			isa = XCBuildConfiguration;
			buildSettings = {
				ASSETCATALOG_COMPILER_APPICON_NAME = AppIcon;
				DEVELOPMENT_TEAM = URT24V64BJ;
				INFOPLIST_FILE = SwiftAlgorithms/Info.plist;
				LD_RUNPATH_SEARCH_PATHS = "$(inherited) @executable_path/Frameworks";
				PRODUCT_BUNDLE_IDENTIFIER = tagabgar.SwiftAlgorithms;
				PRODUCT_NAME = "$(TARGET_NAME)";
				SWIFT_VERSION = 3.0;
			};
			name = Release;
		};
		3DE26E511F3CDDE6009CD627 /* Debug */ = {
			isa = XCBuildConfiguration;
			buildSettings = {
				ALWAYS_EMBED_SWIFT_STANDARD_LIBRARIES = YES;
				BUNDLE_LOADER = "$(TEST_HOST)";
				DEVELOPMENT_TEAM = URT24V64BJ;
				INFOPLIST_FILE = SwiftAlgorithmsTests/Info.plist;
				LD_RUNPATH_SEARCH_PATHS = "$(inherited) @executable_path/Frameworks @loader_path/Frameworks";
				PRODUCT_BUNDLE_IDENTIFIER = tagabgar.SwiftAlgorithmsTests;
				PRODUCT_NAME = "$(TARGET_NAME)";
				SWIFT_VERSION = 3.0;
				TEST_HOST = "$(BUILT_PRODUCTS_DIR)/SwiftAlgorithms.app/SwiftAlgorithms";
			};
			name = Debug;
		};
		3DE26E521F3CDDE6009CD627 /* Release */ = {
			isa = XCBuildConfiguration;
			buildSettings = {
				ALWAYS_EMBED_SWIFT_STANDARD_LIBRARIES = YES;
				BUNDLE_LOADER = "$(TEST_HOST)";
				DEVELOPMENT_TEAM = URT24V64BJ;
				INFOPLIST_FILE = SwiftAlgorithmsTests/Info.plist;
				LD_RUNPATH_SEARCH_PATHS = "$(inherited) @executable_path/Frameworks @loader_path/Frameworks";
				PRODUCT_BUNDLE_IDENTIFIER = tagabgar.SwiftAlgorithmsTests;
				PRODUCT_NAME = "$(TARGET_NAME)";
				SWIFT_VERSION = 3.0;
				TEST_HOST = "$(BUILT_PRODUCTS_DIR)/SwiftAlgorithms.app/SwiftAlgorithms";
			};
			name = Release;
		};
		3DE26E541F3CDDE6009CD627 /* Debug */ = {
			isa = XCBuildConfiguration;
			buildSettings = {
				ALWAYS_EMBED_SWIFT_STANDARD_LIBRARIES = YES;
				DEVELOPMENT_TEAM = URT24V64BJ;
				INFOPLIST_FILE = SwiftAlgorithmsUITests/Info.plist;
				LD_RUNPATH_SEARCH_PATHS = "$(inherited) @executable_path/Frameworks @loader_path/Frameworks";
				PRODUCT_BUNDLE_IDENTIFIER = tagabgar.SwiftAlgorithmsUITests;
				PRODUCT_NAME = "$(TARGET_NAME)";
				SWIFT_VERSION = 3.0;
				TEST_TARGET_NAME = SwiftAlgorithms;
			};
			name = Debug;
		};
		3DE26E551F3CDDE6009CD627 /* Release */ = {
			isa = XCBuildConfiguration;
			buildSettings = {
				ALWAYS_EMBED_SWIFT_STANDARD_LIBRARIES = YES;
				DEVELOPMENT_TEAM = URT24V64BJ;
				INFOPLIST_FILE = SwiftAlgorithmsUITests/Info.plist;
				LD_RUNPATH_SEARCH_PATHS = "$(inherited) @executable_path/Frameworks @loader_path/Frameworks";
				PRODUCT_BUNDLE_IDENTIFIER = tagabgar.SwiftAlgorithmsUITests;
				PRODUCT_NAME = "$(TARGET_NAME)";
				SWIFT_VERSION = 3.0;
				TEST_TARGET_NAME = SwiftAlgorithms;
			};
			name = Release;
		};
/* End XCBuildConfiguration section */

/* Begin XCConfigurationList section */
		3DE26E201F3CDDE6009CD627 /* Build configuration list for PBXProject "SwiftAlgorithms" */ = {
			isa = XCConfigurationList;
			buildConfigurations = (
				3DE26E4B1F3CDDE6009CD627 /* Debug */,
				3DE26E4C1F3CDDE6009CD627 /* Release */,
			);
			defaultConfigurationIsVisible = 0;
			defaultConfigurationName = Release;
		};
		3DE26E4D1F3CDDE6009CD627 /* Build configuration list for PBXNativeTarget "SwiftAlgorithms" */ = {
			isa = XCConfigurationList;
			buildConfigurations = (
				3DE26E4E1F3CDDE6009CD627 /* Debug */,
				3DE26E4F1F3CDDE6009CD627 /* Release */,
			);
			defaultConfigurationIsVisible = 0;
			defaultConfigurationName = Release;
		};
		3DE26E501F3CDDE6009CD627 /* Build configuration list for PBXNativeTarget "SwiftAlgorithmsTests" */ = {
			isa = XCConfigurationList;
			buildConfigurations = (
				3DE26E511F3CDDE6009CD627 /* Debug */,
				3DE26E521F3CDDE6009CD627 /* Release */,
			);
			defaultConfigurationIsVisible = 0;
			defaultConfigurationName = Release;
		};
		3DE26E531F3CDDE6009CD627 /* Build configuration list for PBXNativeTarget "SwiftAlgorithmsUITests" */ = {
			isa = XCConfigurationList;
			buildConfigurations = (
				3DE26E541F3CDDE6009CD627 /* Debug */,
				3DE26E551F3CDDE6009CD627 /* Release */,
			);
			defaultConfigurationIsVisible = 0;
			defaultConfigurationName = Release;
		};
/* End XCConfigurationList section */
	};
	rootObject = 3DE26E1D1F3CDDE6009CD627 /* Project object */;
}
